{
  "nodes": {
    "blueprint": {
      "inputs": {
        "nixpkgs": [
          "nixpkgs"
        ],
        "systems": "systems"
      },
      "locked": {
        "lastModified": 1771437256,
        "narHash": "sha256-bLqwib+rtyBRRVBWhMuBXPCL/OThfokA+j6+uH7jDGU=",
        "owner": "numtide",
        "repo": "blueprint",
        "rev": "06ee7190dc2620ea98af9eb225aa9627b68b0e33",
        "type": "github"
      },
      "original": {
        "owner": "numtide",
        "repo": "blueprint",
        "type": "github"
      }
    },
    "crane": {
      "locked": {
        "lastModified": 1772080396,
        "narHash": "sha256-84W9UNtSk9DNMh43WBkOjpkbfODlmg+RDi854PnNgLE=",
        "owner": "ipetkov",
        "repo": "crane",
        "rev": "8525580bc0316c39dbfa18bd09a1331e98c9e463",
        "type": "github"
      },
      "original": {
        "owner": "ipetkov",
        "repo": "crane",
        "type": "github"
      }
    },
    "nixpkgs": {
      "locked": {
        "lastModified": 1772082373,
        "narHash": "sha256-wySf8a6hvuqgFdwvvzPPTARBCMLDz7WFAufGkllD1M4=",
        "owner": "NixOS",
        "repo": "nixpkgs",
        "rev": "26eaeac4e409d7b5a6bf6f90a2a2dc223c78d915",
        "type": "github"
      },
      "original": {
        "owner": "NixOS",
        "ref": "nixpkgs-unstable",
        "repo": "nixpkgs",
        "type": "github"
      }
    },
    "nixpkgs_2": {
      "locked": {
        "lastModified": 1772082373,
        "narHash": "sha256-wySf8a6hvuqgFdwvvzPPTARBCMLDz7WFAufGkllD1M4=",
        "owner": "NixOS",
        "repo": "nixpkgs",
        "rev": "26eaeac4e409d7b5a6bf6f90a2a2dc223c78d915",
        "type": "github"
      },
      "original": {
        "owner": "NixOS",
        "ref": "nixpkgs-unstable",
        "repo": "nixpkgs",
        "type": "github"
      }
    },
    "nu-batteries-src": {
      "flake": false,
      "locked": {
        "lastModified": 1760054757,
        "narHash": "sha256-pFKGR1QDKuLc8F53H5hQjP/+NeYPJpIu/MGCSjS3iLk=",
        "owner": "nome",
        "repo": "nu-batteries",
        "rev": "187797585d9f4dd6a2b696d0572eb2b2f2aacd23",
        "type": "github"
      },
      "original": {
        "owner": "nome",
        "repo": "nu-batteries",
        "type": "github"
      }
    },
    "nushell-src": {
      "flake": false,
      "locked": {
        "lastModified": 1764692655,
        "narHash": "sha256-XNDEfmvmUNS90PU4e/EWFyJeg428R8nFPJHpF3tgRWo=",
        "owner": "nushell",
        "repo": "nushell",
        "rev": "cde5f7be8c813173e95ea65f96e79a133f587de7",
        "type": "github"
      },
      "original": {
        "owner": "nushell",
        "ref": "0.109.1",
        "repo": "nushell",
        "type": "github"
      }
    },
    "nushellWith": {
      "inputs": {
        "crane": "crane",
        "nixpkgs": "nixpkgs_2",
        "nu-batteries-src": "nu-batteries-src",
        "nushell-src": "nushell-src"
      },
      "locked": {
        "lastModified": 1772148637,
        "narHash": "sha256-T38IpaRWt+33RkYBXqTn+0VfFpHNAnofujm+oONyo3I=",
        "owner": "YPares",
        "repo": "nushellWith",
        "rev": "e1439ba6ec870405a7ab8e37642a78daab588529",
        "type": "github"
      },
      "original": {
        "owner": "YPares",
        "repo": "nushellWith",
        "type": "github"
      }
    },
    "root": {
      "inputs": {
        "blueprint": "blueprint",
        "nixpkgs": "nixpkgs",
        "nushellWith": "nushellWith"
      }
    },
    "systems": {
      "locked": {
        "lastModified": 1681028828,
        "narHash": "sha256-Vy1rq5AaRuLzOxct8nz4T6wlgyUR7zLU309k9mBC768=",
        "owner": "nix-systems",
        "repo": "default",
        "rev": "da67096a3b9bf56a91d16901293e51ba5b49a27e",
        "type": "github"
      },
      "original": {
        "owner": "nix-systems",
        "repo": "default",
        "type": "github"
      }
    }
  },
  "root": "root",
  "version": 7
}
