{
  "nodes": {
    "blueprint": {
      "inputs": {
        "nixpkgs": [
          "nixpkgs"
        ],
        "systems": "systems"
      },
      "locked": {
        "lastModified": 1758687491,
        "narHash": "sha256-sy8Q+MfBe+MZzYj4MJwBDe4lkLnmhy1POO86hWZgqO8=",
        "owner": "numtide",
        "repo": "blueprint",
        "rev": "7ecaeb70f63d14a397c73b38f57177894bb795c8",
        "type": "github"
      },
      "original": {
        "owner": "numtide",
        "repo": "blueprint",
        "type": "github"
      }
    },
    "crane": {
      "locked": {
        "lastModified": 1759893430,
        "narHash": "sha256-yAy4otLYm9iZ+NtQwTMEbqHwswSFUbhn7x826RR6djw=",
        "owner": "ipetkov",
        "repo": "crane",
        "rev": "1979a2524cb8c801520bd94c38bb3d5692419d93",
        "type": "github"
      },
      "original": {
        "owner": "ipetkov",
        "repo": "crane",
        "type": "github"
      }
    },
    "nixpkgs": {
      "locked": {
        "lastModified": 1760934318,
        "narHash": "sha256-/oUYsC0lUCBory65VK+UHqCCsCspbL1Vgfcf1KUYqVw=",
        "owner": "NixOS",
        "repo": "nixpkgs",
        "rev": "87848bf0cc4f87717fc813a4575f07330c3e743c",
        "type": "github"
      },
      "original": {
        "owner": "NixOS",
        "ref": "nixpkgs-unstable",
        "repo": "nixpkgs",
        "type": "github"
      }
    },
    "nixpkgs_2": {
      "locked": {
        "lastModified": 1760640716,
        "narHash": "sha256-iJ+sITO67hWDdXqSlKH1mHOLNhXUYgYEbDtllTeCXtc=",
        "owner": "NixOS",
        "repo": "nixpkgs",
        "rev": "a67807a33ba45e92f0e4cc5a7448aff438a385fa",
        "type": "github"
      },
      "original": {
        "owner": "NixOS",
        "ref": "master",
        "repo": "nixpkgs",
        "type": "github"
      }
    },
    "nu-batteries-src": {
      "flake": false,
      "locked": {
        "lastModified": 1760054757,
        "narHash": "sha256-pFKGR1QDKuLc8F53H5hQjP/+NeYPJpIu/MGCSjS3iLk=",
        "owner": "nome",
        "repo": "nu-batteries",
        "rev": "187797585d9f4dd6a2b696d0572eb2b2f2aacd23",
        "type": "github"
      },
      "original": {
        "owner": "nome",
        "repo": "nu-batteries",
        "type": "github"
      }
    },
    "nushell-src": {
      "flake": false,
      "locked": {
        "lastModified": 1756862466,
        "narHash": "sha256-ghBuqkiVHvPxD4zBpvL6NG+qL54SD/aLZNZqWUK4a28=",
        "owner": "nushell",
        "repo": "nushell",
        "rev": "c3a699294685c6c6a6581dff2bc4089ca275eb58",
        "type": "github"
      },
      "original": {
        "owner": "nushell",
        "ref": "0.107.0",
        "repo": "nushell",
        "type": "github"
      }
    },
    "nushellWith": {
      "inputs": {
        "crane": "crane",
        "nixpkgs": "nixpkgs_2",
        "nu-batteries-src": "nu-batteries-src",
        "nushell-src": "nushell-src",
        "webserver-nu-src": "webserver-nu-src"
      },
      "locked": {
        "lastModified": 1760908408,
        "narHash": "sha256-HTg/NyfnhwHXg7Ns1qRyJV6g2zqrFkbRGruYr+s9+ds=",
        "owner": "YPares",
        "repo": "nushellWith",
        "rev": "61428fe64c374c054fa7907ea714b1182e5a4c08",
        "type": "github"
      },
      "original": {
        "owner": "YPares",
        "repo": "nushellWith",
        "type": "github"
      }
    },
    "root": {
      "inputs": {
        "blueprint": "blueprint",
        "nixpkgs": "nixpkgs",
        "nushellWith": "nushellWith"
      }
    },
    "systems": {
      "locked": {
        "lastModified": 1681028828,
        "narHash": "sha256-Vy1rq5AaRuLzOxct8nz4T6wlgyUR7zLU309k9mBC768=",
        "owner": "nix-systems",
        "repo": "default",
        "rev": "da67096a3b9bf56a91d16901293e51ba5b49a27e",
        "type": "github"
      },
      "original": {
        "owner": "nix-systems",
        "repo": "default",
        "type": "github"
      }
    },
    "webserver-nu-src": {
      "flake": false,
      "locked": {
        "lastModified": 1748017303,
        "narHash": "sha256-s6FBAD50VUKd68rGBaMwTCKwExfZpUmCzyBoguqWNeQ=",
        "owner": "Jan9103",
        "repo": "webserver.nu",
        "rev": "24820fea036d060e9c48fd2384dcd0d7e4889fb3",
        "type": "github"
      },
      "original": {
        "owner": "Jan9103",
        "repo": "webserver.nu",
        "type": "github"
      }
    }
  },
  "root": "root",
  "version": 7
}
